
Microsoft Visual Studio Solution File, Format Version 12.00
# Visual Studio Version 16
VisualStudioVersion = 16.0.32630.194
MinimumVisualStudioVersion = 10.0.40219.1
Project("{FAE04EC0-301F-11D3-BF4B-00C04F79EFBC}") = "MysticCommon", "MysticCommon\MysticCommon.csproj", "{1C176C40-EE6D-458A-991A-91D0200905A1}"
EndProject
Project("{FAE04EC0-301F-11D3-BF4B-00C04F79EFBC}") = "MysticalMistySkill", "MysticalMistySkill\MysticalMistySkill.csproj", "{8354F219-416E-4871-9343-CBCCC8478647}"
EndProject
Project("{FAE04EC0-301F-11D3-BF4B-00C04F79EFBC}") = "Wander", "Wander\Wander.csproj", "{75FA1EB0-AA82-484D-B3F3-4B3A7FBC3EF2}"
EndProject
Project("{FAE04EC0-301F-11D3-BF4B-00C04F79EFBC}") = "MysticModesManagement", "MysticModesManagement\MysticModesManagement.csproj", "{AC802DE0-DD57-4576-B99A-C629D2FD014A}"
EndProject
Global
	GlobalSection(SolutionConfigurationPlatforms) = preSolution
		Debug|Any CPU = Debug|Any CPU
		Debug|ARM = Debug|ARM
		Debug|ARM64 = Debug|ARM64
		Debug|x64 = Debug|x64
		Debug|x86 = Debug|x86
		Release|Any CPU = Release|Any CPU
		Release|ARM = Release|ARM
		Release|ARM64 = Release|ARM64
		Release|x64 = Release|x64
		Release|x86 = Release|x86
	EndGlobalSection
	GlobalSection(ProjectConfigurationPlatforms) = postSolution
		{1C176C40-EE6D-458A-991A-91D0200905A1}.Debug|Any CPU.ActiveCfg = Debug|Any CPU
		{1C176C40-EE6D-458A-991A-91D0200905A1}.Debug|Any CPU.Build.0 = Debug|Any CPU
		{1C176C40-EE6D-458A-991A-91D0200905A1}.Debug|ARM.ActiveCfg = Debug|ARM
		{1C176C40-EE6D-458A-991A-91D0200905A1}.Debug|ARM.Build.0 = Debug|ARM
		{1C176C40-EE6D-458A-991A-91D0200905A1}.Debug|ARM64.ActiveCfg = Debug|ARM64
		{1C176C40-EE6D-458A-991A-91D0200905A1}.Debug|ARM64.Build.0 = Debug|ARM64
		{1C176C40-EE6D-458A-991A-91D0200905A1}.Debug|x64.ActiveCfg = Debug|x64
		{1C176C40-EE6D-458A-991A-91D0200905A1}.Debug|x64.Build.0 = Debug|x64
		{1C176C40-EE6D-458A-991A-91D0200905A1}.Debug|x86.ActiveCfg = Debug|x86
		{1C176C40-EE6D-458A-991A-91D0200905A1}.Debug|x86.Build.0 = Debug|x86
		{1C176C40-EE6D-458A-991A-91D0200905A1}.Release|Any CPU.ActiveCfg = Release|Any CPU
		{1C176C40-EE6D-458A-991A-91D0200905A1}.Release|Any CPU.Build.0 = Release|Any CPU
		{1C176C40-EE6D-458A-991A-91D0200905A1}.Release|ARM.ActiveCfg = Release|ARM
		{1C176C40-EE6D-458A-991A-91D0200905A1}.Release|ARM.Build.0 = Release|ARM
		{1C176C40-EE6D-458A-991A-91D0200905A1}.Release|ARM64.ActiveCfg = Release|ARM64
		{1C176C40-EE6D-458A-991A-91D0200905A1}.Release|ARM64.Build.0 = Release|ARM64
		{1C176C40-EE6D-458A-991A-91D0200905A1}.Release|x64.ActiveCfg = Release|x64
		{1C176C40-EE6D-458A-991A-91D0200905A1}.Release|x64.Build.0 = Release|x64
		{1C176C40-EE6D-458A-991A-91D0200905A1}.Release|x86.ActiveCfg = Release|x86
		{1C176C40-EE6D-458A-991A-91D0200905A1}.Release|x86.Build.0 = Release|x86
		{8354F219-416E-4871-9343-CBCCC8478647}.Debug|Any CPU.ActiveCfg = Debug|x86
		{8354F219-416E-4871-9343-CBCCC8478647}.Debug|ARM.ActiveCfg = Debug|ARM
		{8354F219-416E-4871-9343-CBCCC8478647}.Debug|ARM.Build.0 = Debug|ARM
		{8354F219-416E-4871-9343-CBCCC8478647}.Debug|ARM.Deploy.0 = Debug|ARM
		{8354F219-416E-4871-9343-CBCCC8478647}.Debug|ARM64.ActiveCfg = Debug|x86
		{8354F219-416E-4871-9343-CBCCC8478647}.Debug|x64.ActiveCfg = Debug|x64
		{8354F219-416E-4871-9343-CBCCC8478647}.Debug|x64.Build.0 = Debug|x64
		{8354F219-416E-4871-9343-CBCCC8478647}.Debug|x64.Deploy.0 = Debug|x64
		{8354F219-416E-4871-9343-CBCCC8478647}.Debug|x86.ActiveCfg = Debug|x86
		{8354F219-416E-4871-9343-CBCCC8478647}.Debug|x86.Build.0 = Debug|x86
		{8354F219-416E-4871-9343-CBCCC8478647}.Debug|x86.Deploy.0 = Debug|x86
		{8354F219-416E-4871-9343-CBCCC8478647}.Release|Any CPU.ActiveCfg = Release|x86
		{8354F219-416E-4871-9343-CBCCC8478647}.Release|ARM.ActiveCfg = Release|ARM
		{8354F219-416E-4871-9343-CBCCC8478647}.Release|ARM.Build.0 = Release|ARM
		{8354F219-416E-4871-9343-CBCCC8478647}.Release|ARM.Deploy.0 = Release|ARM
		{8354F219-416E-4871-9343-CBCCC8478647}.Release|ARM64.ActiveCfg = Release|x86
		{8354F219-416E-4871-9343-CBCCC8478647}.Release|x64.ActiveCfg = Release|x64
		{8354F219-416E-4871-9343-CBCCC8478647}.Release|x64.Build.0 = Release|x64
		{8354F219-416E-4871-9343-CBCCC8478647}.Release|x64.Deploy.0 = Release|x64
		{8354F219-416E-4871-9343-CBCCC8478647}.Release|x86.ActiveCfg = Release|x86
		{8354F219-416E-4871-9343-CBCCC8478647}.Release|x86.Build.0 = Release|x86
		{8354F219-416E-4871-9343-CBCCC8478647}.Release|x86.Deploy.0 = Release|x86
		{75FA1EB0-AA82-484D-B3F3-4B3A7FBC3EF2}.Debug|Any CPU.ActiveCfg = Debug|Any CPU
		{75FA1EB0-AA82-484D-B3F3-4B3A7FBC3EF2}.Debug|Any CPU.Build.0 = Debug|Any CPU
		{75FA1EB0-AA82-484D-B3F3-4B3A7FBC3EF2}.Debug|ARM.ActiveCfg = Debug|ARM
		{75FA1EB0-AA82-484D-B3F3-4B3A7FBC3EF2}.Debug|ARM.Build.0 = Debug|ARM
		{75FA1EB0-AA82-484D-B3F3-4B3A7FBC3EF2}.Debug|ARM64.ActiveCfg = Debug|ARM64
		{75FA1EB0-AA82-484D-B3F3-4B3A7FBC3EF2}.Debug|ARM64.Build.0 = Debug|ARM64
		{75FA1EB0-AA82-484D-B3F3-4B3A7FBC3EF2}.Debug|x64.ActiveCfg = Debug|x64
		{75FA1EB0-AA82-484D-B3F3-4B3A7FBC3EF2}.Debug|x64.Build.0 = Debug|x64
		{75FA1EB0-AA82-484D-B3F3-4B3A7FBC3EF2}.Debug|x86.ActiveCfg = Debug|x86
		{75FA1EB0-AA82-484D-B3F3-4B3A7FBC3EF2}.Debug|x86.Build.0 = Debug|x86
		{75FA1EB0-AA82-484D-B3F3-4B3A7FBC3EF2}.Release|Any CPU.ActiveCfg = Release|Any CPU
		{75FA1EB0-AA82-484D-B3F3-4B3A7FBC3EF2}.Release|Any CPU.Build.0 = Release|Any CPU
		{75FA1EB0-AA82-484D-B3F3-4B3A7FBC3EF2}.Release|ARM.ActiveCfg = Release|ARM
		{75FA1EB0-AA82-484D-B3F3-4B3A7FBC3EF2}.Release|ARM.Build.0 = Release|ARM
		{75FA1EB0-AA82-484D-B3F3-4B3A7FBC3EF2}.Release|ARM64.ActiveCfg = Release|ARM64
		{75FA1EB0-AA82-484D-B3F3-4B3A7FBC3EF2}.Release|ARM64.Build.0 = Release|ARM64
		{75FA1EB0-AA82-484D-B3F3-4B3A7FBC3EF2}.Release|x64.ActiveCfg = Release|x64
		{75FA1EB0-AA82-484D-B3F3-4B3A7FBC3EF2}.Release|x64.Build.0 = Release|x64
		{75FA1EB0-AA82-484D-B3F3-4B3A7FBC3EF2}.Release|x86.ActiveCfg = Release|x86
		{75FA1EB0-AA82-484D-B3F3-4B3A7FBC3EF2}.Release|x86.Build.0 = Release|x86
		{AC802DE0-DD57-4576-B99A-C629D2FD014A}.Debug|Any CPU.ActiveCfg = Debug|Any CPU
		{AC802DE0-DD57-4576-B99A-C629D2FD014A}.Debug|Any CPU.Build.0 = Debug|Any CPU
		{AC802DE0-DD57-4576-B99A-C629D2FD014A}.Debug|ARM.ActiveCfg = Debug|ARM
		{AC802DE0-DD57-4576-B99A-C629D2FD014A}.Debug|ARM.Build.0 = Debug|ARM
		{AC802DE0-DD57-4576-B99A-C629D2FD014A}.Debug|ARM64.ActiveCfg = Debug|ARM64
		{AC802DE0-DD57-4576-B99A-C629D2FD014A}.Debug|ARM64.Build.0 = Debug|ARM64
		{AC802DE0-DD57-4576-B99A-C629D2FD014A}.Debug|x64.ActiveCfg = Debug|x64
		{AC802DE0-DD57-4576-B99A-C629D2FD014A}.Debug|x64.Build.0 = Debug|x64
		{AC802DE0-DD57-4576-B99A-C629D2FD014A}.Debug|x86.ActiveCfg = Debug|x86
		{AC802DE0-DD57-4576-B99A-C629D2FD014A}.Debug|x86.Build.0 = Debug|x86
		{AC802DE0-DD57-4576-B99A-C629D2FD014A}.Release|Any CPU.ActiveCfg = Release|Any CPU
		{AC802DE0-DD57-4576-B99A-C629D2FD014A}.Release|Any CPU.Build.0 = Release|Any CPU
		{AC802DE0-DD57-4576-B99A-C629D2FD014A}.Release|ARM.ActiveCfg = Release|ARM
		{AC802DE0-DD57-4576-B99A-C629D2FD014A}.Release|ARM.Build.0 = Release|ARM
		{AC802DE0-DD57-4576-B99A-C629D2FD014A}.Release|ARM64.ActiveCfg = Release|ARM64
		{AC802DE0-DD57-4576-B99A-C629D2FD014A}.Release|ARM64.Build.0 = Release|ARM64
		{AC802DE0-DD57-4576-B99A-C629D2FD014A}.Release|x64.ActiveCfg = Release|x64
		{AC802DE0-DD57-4576-B99A-C629D2FD014A}.Release|x64.Build.0 = Release|x64
		{AC802DE0-DD57-4576-B99A-C629D2FD014A}.Release|x86.ActiveCfg = Release|x86
		{AC802DE0-DD57-4576-B99A-C629D2FD014A}.Release|x86.Build.0 = Release|x86
	EndGlobalSection
	GlobalSection(SolutionProperties) = preSolution
		HideSolutionNode = FALSE
	EndGlobalSection
	GlobalSection(ExtensibilityGlobals) = postSolution
		SolutionGuid = {C3EAA8B8-6455-4AC5-BA7D-72EDC7BAFCB1}
	EndGlobalSection
EndGlobal
